
Microsoft Visual Studio Solution File, Format Version 12.00
# Visual Studio Version 17
VisualStudioVersion = 17.8.34330.188
MinimumVisualStudioVersion = 10.0.40219.1
Project("{9A19103F-16F7-4668-BE54-9A1E7A4F7556}") = "QuranApp", "QuranApp\QuranApp.csproj", "{BDA259E0-5C01-499C-B10F-DE1758CBDC36}"
EndProject
Global
	GlobalSection(SolutionConfigurationPlatforms) = preSolution
		Debug|Any CPU = Debug|Any CPU
		Release|Any CPU = Release|Any CPU
	EndGlobalSection
	GlobalSection(ProjectConfigurationPlatforms) = postSolution
		{BDA259E0-5C01-499C-B10F-DE1758CBDC36}.Debug|Any CPU.ActiveCfg = Debug|Any CPU
		{BDA259E0-5C01-499C-B10F-DE1758CBDC36}.Debug|Any CPU.Build.0 = Debug|Any CPU
		{BDA259E0-5C01-499C-B10F-DE1758CBDC36}.Release|Any CPU.ActiveCfg = Release|Any CPU
		{BDA259E0-5C01-499C-B10F-DE1758CBDC36}.Release|Any CPU.Build.0 = Release|Any CPU
	EndGlobalSection
	GlobalSection(SolutionProperties) = preSolution
		HideSolutionNode = FALSE
	EndGlobalSection
	GlobalSection(ExtensibilityGlobals) = postSolution
		SolutionGuid = {C785F7E0-82CA-4140-9746-86FF4FCA666D}
	EndGlobalSection
EndGlobal
